
Microsoft Visual Studio Solution File, Format Version 12.00
# Visual Studio Version 16
VisualStudioVersion = 16.0.32929.386
MinimumVisualStudioVersion = 10.0.40219.1
Project("{FAE04EC0-301F-11D3-BF4B-00C04F79EFBC}") = "Calculator", "Calculator\Calculator.csproj", "{1F44A9BA-25AF-40FC-84A1-5CFA2EC44038}"
EndProject
Global
	GlobalSection(SolutionConfigurationPlatforms) = preSolution
		Debug|Any CPU = Debug|Any CPU
		Release|Any CPU = Release|Any CPU
	EndGlobalSection
	GlobalSection(ProjectConfigurationPlatforms) = postSolution
		{1F44A9BA-25AF-40FC-84A1-5CFA2EC44038}.Debug|Any CPU.ActiveCfg = Debug|Any CPU
		{1F44A9BA-25AF-40FC-84A1-5CFA2EC44038}.Debug|Any CPU.Build.0 = Debug|Any CPU
		{1F44A9BA-25AF-40FC-84A1-5CFA2EC44038}.Release|Any CPU.ActiveCfg = Release|Any CPU
		{1F44A9BA-25AF-40FC-84A1-5CFA2EC44038}.Release|Any CPU.Build.0 = Release|Any CPU
	EndGlobalSection
	GlobalSection(SolutionProperties) = preSolution
		HideSolutionNode = FALSE
	EndGlobalSection
	GlobalSection(ExtensibilityGlobals) = postSolution
		SolutionGuid = {B0ADE8F1-40DC-4722-8D13-21A611CD95B7}
	EndGlobalSection
EndGlobal
