
Microsoft Visual Studio Solution File, Format Version 12.00
# Visual Studio Version 17
VisualStudioVersion = 17.4.33205.214
MinimumVisualStudioVersion = 10.0.40219.1
Project("{FAE04EC0-301F-11D3-BF4B-00C04F79EFBC}") = "CSharp_GuessingGame", "CSharp_GuessingGame\CSharp_GuessingGame.csproj", "{C97472B8-408F-4A2D-BE46-D66B37379509}"
EndProject
Global
	GlobalSection(SolutionConfigurationPlatforms) = preSolution
		Debug|Any CPU = Debug|Any CPU
		Release|Any CPU = Release|Any CPU
	EndGlobalSection
	GlobalSection(ProjectConfigurationPlatforms) = postSolution
		{C97472B8-408F-4A2D-BE46-D66B37379509}.Debug|Any CPU.ActiveCfg = Debug|Any CPU
		{C97472B8-408F-4A2D-BE46-D66B37379509}.Debug|Any CPU.Build.0 = Debug|Any CPU
		{C97472B8-408F-4A2D-BE46-D66B37379509}.Release|Any CPU.ActiveCfg = Release|Any CPU
		{C97472B8-408F-4A2D-BE46-D66B37379509}.Release|Any CPU.Build.0 = Release|Any CPU
	EndGlobalSection
	GlobalSection(SolutionProperties) = preSolution
		HideSolutionNode = FALSE
	EndGlobalSection
	GlobalSection(ExtensibilityGlobals) = postSolution
		SolutionGuid = {C6D7F9BE-BC05-4F9D-932D-6C5EA6A73D5F}
	EndGlobalSection
EndGlobal
